
Microsoft Visual Studio Solution File, Format Version 12.00
# Visual Studio Version 17
VisualStudioVersion = 17.0.31903.59
MinimumVisualStudioVersion = 10.0.40219.1
Project("{FAE04EC0-301F-11D3-BF4B-00C04F79EFBC}") = "MyFirstEfCoreApp", "MyFirstEfCoreApp\MyFirstEfCoreApp.csproj", "{E99C4FC0-3ADF-4890-A226-04839AEB9844}"
EndProject
Global
	GlobalSection(SolutionConfigurationPlatforms) = preSolution
		Debug|Any CPU = Debug|Any CPU
		Release|Any CPU = Release|Any CPU
	EndGlobalSection
	GlobalSection(ProjectConfigurationPlatforms) = postSolution
		{E99C4FC0-3ADF-4890-A226-04839AEB9844}.Debug|Any CPU.ActiveCfg = Debug|Any CPU
		{E99C4FC0-3ADF-4890-A226-04839AEB9844}.Debug|Any CPU.Build.0 = Debug|Any CPU
		{E99C4FC0-3ADF-4890-A226-04839AEB9844}.Release|Any CPU.ActiveCfg = Release|Any CPU
		{E99C4FC0-3ADF-4890-A226-04839AEB9844}.Release|Any CPU.Build.0 = Release|Any CPU
	EndGlobalSection
	GlobalSection(SolutionProperties) = preSolution
		HideSolutionNode = FALSE
	EndGlobalSection
	GlobalSection(ExtensibilityGlobals) = postSolution
		SolutionGuid = {C0F4840C-60ED-4B58-89D4-5A1817A5CE88}
	EndGlobalSection
EndGlobal
